// !$*UTF8*$!
{
	archiveVersion = 1;
	classes = {
	};
	objectVersion = 48;
	objects = {

/* Begin PBXBuildFile section */
		14555C42207D0B34005FBAA6 /* AppDelegate.swift in Sources */ = {isa = PBXBuildFile; fileRef = 14555C41207D0B34005FBAA6 /* AppDelegate.swift */; };
		14555C44207D0B35005FBAA6 /* SymptomChecker.swift in Sources */ = {isa = PBXBuildFile; fileRef = 14555C43207D0B35005FBAA6 /* SymptomChecker.swift */; };
		14555C47207D0B35005FBAA6 /* Main.storyboard in Resources */ = {isa = PBXBuildFile; fileRef = 14555C45207D0B35005FBAA6 /* Main.storyboard */; };
		14555C49207D0B35005FBAA6 /* Assets.xcassets in Resources */ = {isa = PBXBuildFile; fileRef = 14555C48207D0B35005FBAA6 /* Assets.xcassets */; };
		14555C4C207D0B35005FBAA6 /* LaunchScreen.storyboard in Resources */ = {isa = PBXBuildFile; fileRef = 14555C4A207D0B35005FBAA6 /* LaunchScreen.storyboard */; };
		14555C57207D0C7F005FBAA6 /* SearchingSymptoms.swift in Sources */ = {isa = PBXBuildFile; fileRef = 14555C56207D0C7F005FBAA6 /* SearchingSymptoms.swift */; };
		14555C59207D0CF0005FBAA6 /* FurtherQuestions.swift in Sources */ = {isa = PBXBuildFile; fileRef = 14555C58207D0CF0005FBAA6 /* FurtherQuestions.swift */; };
		14555C5B207D0D22005FBAA6 /* Diagnosis.swift in Sources */ = {isa = PBXBuildFile; fileRef = 14555C5A207D0D22005FBAA6 /* Diagnosis.swift */; };
		14555C5D207D0D5A005FBAA6 /* MapOfHospitals.swift in Sources */ = {isa = PBXBuildFile; fileRef = 14555C5C207D0D5A005FBAA6 /* MapOfHospitals.swift */; };
		14555C5F207D1562005FBAA6 /* Border.swift in Sources */ = {isa = PBXBuildFile; fileRef = 14555C5E207D1562005FBAA6 /* Border.swift */; };
		14555C63207D2412005FBAA6 /* SymptomCell.swift in Sources */ = {isa = PBXBuildFile; fileRef = 14555C62207D2412005FBAA6 /* SymptomCell.swift */; };
/* End PBXBuildFile section */

/* Begin PBXFileReference section */
		14555C3E207D0B34005FBAA6 /* Health Application.app */ = {isa = PBXFileReference; explicitFileType = wrapper.application; includeInIndex = 0; path = "Health Application.app"; sourceTree = BUILT_PRODUCTS_DIR; };
		14555C41207D0B34005FBAA6 /* AppDelegate.swift */ = {isa = PBXFileReference; lastKnownFileType = sourcecode.swift; path = AppDelegate.swift; sourceTree = "<group>"; };
		14555C43207D0B35005FBAA6 /* SymptomChecker.swift */ = {isa = PBXFileReference; lastKnownFileType = sourcecode.swift; path = SymptomChecker.swift; sourceTree = "<group>"; };
		14555C46207D0B35005FBAA6 /* Base */ = {isa = PBXFileReference; lastKnownFileType = file.storyboard; name = Base; path = Base.lproj/Main.storyboard; sourceTree = "<group>"; };
		14555C48207D0B35005FBAA6 /* Assets.xcassets */ = {isa = PBXFileReference; lastKnownFileType = folder.assetcatalog; path = Assets.xcassets; sourceTree = "<group>"; };
		14555C4B207D0B35005FBAA6 /* Base */ = {isa = PBXFileReference; lastKnownFileType = file.storyboard; name = Base; path = Base.lproj/LaunchScreen.storyboard; sourceTree = "<group>"; };
		14555C4D207D0B35005FBAA6 /* Info.plist */ = {isa = PBXFileReference; lastKnownFileType = text.plist.xml; path = Info.plist; sourceTree = "<group>"; };
		14555C56207D0C7F005FBAA6 /* SearchingSymptoms.swift */ = {isa = PBXFileReference; lastKnownFileType = sourcecode.swift; path = SearchingSymptoms.swift; sourceTree = "<group>"; };
		14555C58207D0CF0005FBAA6 /* FurtherQuestions.swift */ = {isa = PBXFileReference; lastKnownFileType = sourcecode.swift; path = FurtherQuestions.swift; sourceTree = "<group>"; };
		14555C5A207D0D22005FBAA6 /* Diagnosis.swift */ = {isa = PBXFileReference; lastKnownFileType = sourcecode.swift; path = Diagnosis.swift; sourceTree = "<group>"; };
		14555C5C207D0D5A005FBAA6 /* MapOfHospitals.swift */ = {isa = PBXFileReference; lastKnownFileType = sourcecode.swift; path = MapOfHospitals.swift; sourceTree = "<group>"; };
		14555C5E207D1562005FBAA6 /* Border.swift */ = {isa = PBXFileReference; lastKnownFileType = sourcecode.swift; path = Border.swift; sourceTree = "<group>"; };
		14555C62207D2412005FBAA6 /* SymptomCell.swift */ = {isa = PBXFileReference; lastKnownFileType = sourcecode.swift; path = SymptomCell.swift; sourceTree = "<group>"; };
/* End PBXFileReference section */

/* Begin PBXFrameworksBuildPhase section */
		14555C3B207D0B34005FBAA6 /* Frameworks */ = {
			isa = PBXFrameworksBuildPhase;
			buildActionMask = 2147483647;
			files = (
			);
			runOnlyForDeploymentPostprocessing = 0;
		};
/* End PBXFrameworksBuildPhase section */

/* Begin PBXGroup section */
		14555C35207D0B34005FBAA6 = {
			isa = PBXGroup;
			children = (
				14555C40207D0B34005FBAA6 /* Health Application */,
				14555C3F207D0B34005FBAA6 /* Products */,
			);
			sourceTree = "<group>";
		};
		14555C3F207D0B34005FBAA6 /* Products */ = {
			isa = PBXGroup;
			children = (
				14555C3E207D0B34005FBAA6 /* Health Application.app */,
			);
			name = Products;
			sourceTree = "<group>";
		};
		14555C40207D0B34005FBAA6 /* Health Application */ = {
			isa = PBXGroup;
			children = (
				14555C53207D0C15005FBAA6 /* Model */,
				14555C54207D0C1D005FBAA6 /* View */,
				14555C55207D0C22005FBAA6 /* Controller */,
				14555C41207D0B34005FBAA6 /* AppDelegate.swift */,
				14555C45207D0B35005FBAA6 /* Main.storyboard */,
				14555C48207D0B35005FBAA6 /* Assets.xcassets */,
				14555C4A207D0B35005FBAA6 /* LaunchScreen.storyboard */,
				14555C4D207D0B35005FBAA6 /* Info.plist */,
			);
			path = "Health Application";
			sourceTree = "<group>";
		};
		14555C53207D0C15005FBAA6 /* Model */ = {
			isa = PBXGroup;
			children = (
			);
			path = Model;
			sourceTree = "<group>";
		};
		14555C54207D0C1D005FBAA6 /* View */ = {
			isa = PBXGroup;
			children = (
				14555C5E207D1562005FBAA6 /* Border.swift */,
				14555C62207D2412005FBAA6 /* SymptomCell.swift */,
			);
			path = View;
			sourceTree = "<group>";
		};
		14555C55207D0C22005FBAA6 /* Controller */ = {
			isa = PBXGroup;
			children = (
				14555C43207D0B35005FBAA6 /* SymptomChecker.swift */,
				14555C56207D0C7F005FBAA6 /* SearchingSymptoms.swift */,
				14555C58207D0CF0005FBAA6 /* FurtherQuestions.swift */,
				14555C5A207D0D22005FBAA6 /* Diagnosis.swift */,
				14555C5C207D0D5A005FBAA6 /* MapOfHospitals.swift */,
			);
			path = Controller;
			sourceTree = "<group>";
		};
/* End PBXGroup section */

/* Begin PBXNativeTarget section */
		14555C3D207D0B34005FBAA6 /* Health Application */ = {
			isa = PBXNativeTarget;
			buildConfigurationList = 14555C50207D0B35005FBAA6 /* Build configuration list for PBXNativeTarget "Health Application" */;
			buildPhases = (
				14555C3A207D0B34005FBAA6 /* Sources */,
				14555C3B207D0B34005FBAA6 /* Frameworks */,
				14555C3C207D0B34005FBAA6 /* Resources */,
			);
			buildRules = (
			);
			dependencies = (
			);
			name = "Health Application";
			productName = "Health Application";
			productReference = 14555C3E207D0B34005FBAA6 /* Health Application.app */;
			productType = "com.apple.product-type.application";
		};
/* End PBXNativeTarget section */

/* Begin PBXProject section */
		14555C36207D0B34005FBAA6 /* Project object */ = {
			isa = PBXProject;
			attributes = {
				LastSwiftUpdateCheck = 0920;
				LastUpgradeCheck = 0920;
				ORGANIZATIONNAME = "Sean O'Connor";
				TargetAttributes = {
					14555C3D207D0B34005FBAA6 = {
						CreatedOnToolsVersion = 9.2;
						ProvisioningStyle = Automatic;
					};
				};
			};
			buildConfigurationList = 14555C39207D0B34005FBAA6 /* Build configuration list for PBXProject "Health Application" */;
			compatibilityVersion = "Xcode 8.0";
			developmentRegion = en;
			hasScannedForEncodings = 0;
			knownRegions = (
				en,
				Base,
			);
			mainGroup = 14555C35207D0B34005FBAA6;
			productRefGroup = 14555C3F207D0B34005FBAA6 /* Products */;
			projectDirPath = "";
			projectRoot = "";
			targets = (
				14555C3D207D0B34005FBAA6 /* Health Application */,
			);
		};
/* End PBXProject section */

/* Begin PBXResourcesBuildPhase section */
		14555C3C207D0B34005FBAA6 /* Resources */ = {
			isa = PBXResourcesBuildPhase;
			buildActionMask = 2147483647;
			files = (
				14555C4C207D0B35005FBAA6 /* LaunchScreen.storyboard in Resources */,
				14555C49207D0B35005FBAA6 /* Assets.xcassets in Resources */,
				14555C47207D0B35005FBAA6 /* Main.storyboard in Resources */,
			);
			runOnlyForDeploymentPostprocessing = 0;
		};
/* End PBXResourcesBuildPhase section */

/* Begin PBXSourcesBuildPhase section */
		14555C3A207D0B34005FBAA6 /* Sources */ = {
			isa = PBXSourcesBuildPhase;
			buildActionMask = 2147483647;
			files = (
				14555C59207D0CF0005FBAA6 /* FurtherQuestions.swift in Sources */,
				14555C5F207D1562005FBAA6 /* Border.swift in Sources */,
				14555C57207D0C7F005FBAA6 /* SearchingSymptoms.swift in Sources */,
				14555C5B207D0D22005FBAA6 /* Diagnosis.swift in Sources */,
				14555C44207D0B35005FBAA6 /* SymptomChecker.swift in Sources */,
				14555C63207D2412005FBAA6 /* SymptomCell.swift in Sources */,
				14555C42207D0B34005FBAA6 /* AppDelegate.swift in Sources */,
				14555C5D207D0D5A005FBAA6 /* MapOfHospitals.swift in Sources */,
			);
			runOnlyForDeploymentPostprocessing = 0;
		};
/* End PBXSourcesBuildPhase section */

/* Begin PBXVariantGroup section */
		14555C45207D0B35005FBAA6 /* Main.storyboard */ = {
			isa = PBXVariantGroup;
			children = (
				14555C46207D0B35005FBAA6 /* Base */,
			);
			name = Main.storyboard;
			sourceTree = "<group>";
		};
		14555C4A207D0B35005FBAA6 /* LaunchScreen.storyboard */ = {
			isa = PBXVariantGroup;
			children = (
				14555C4B207D0B35005FBAA6 /* Base */,
			);
			name = LaunchScreen.storyboard;
			sourceTree = "<group>";
		};
/* End PBXVariantGroup section */

/* Begin XCBuildConfiguration section */
		14555C4E207D0B35005FBAA6 /* Debug */ = {
			isa = XCBuildConfiguration;
			buildSettings = {
				ALWAYS_SEARCH_USER_PATHS = NO;
				CLANG_ANALYZER_NONNULL = YES;
				CLANG_ANALYZER_NUMBER_OBJECT_CONVERSION = YES_AGGRESSIVE;
				CLANG_CXX_LANGUAGE_STANDARD = "gnu++14";
				CLANG_CXX_LIBRARY = "libc++";
				CLANG_ENABLE_MODULES = YES;
				CLANG_ENABLE_OBJC_ARC = YES;
				CLANG_WARN_BLOCK_CAPTURE_AUTORELEASING = YES;
				CLANG_WARN_BOOL_CONVERSION = YES;
				CLANG_WARN_COMMA = YES;
				CLANG_WARN_CONSTANT_CONVERSION = YES;
				CLANG_WARN_DIRECT_OBJC_ISA_USAGE = YES_ERROR;
				CLANG_WARN_DOCUMENTATION_COMMENTS = YES;
				CLANG_WARN_EMPTY_BODY = YES;
				CLANG_WARN_ENUM_CONVERSION = YES;
				CLANG_WARN_INFINITE_RECURSION = YES;
				CLANG_WARN_INT_CONVERSION = YES;
				CLANG_WARN_NON_LITERAL_NULL_CONVERSION = YES;
				CLANG_WARN_OBJC_LITERAL_CONVERSION = YES;
				CLANG_WARN_OBJC_ROOT_CLASS = YES_ERROR;
				CLANG_WARN_RANGE_LOOP_ANALYSIS = YES;
				CLANG_WARN_STRICT_PROTOTYPES = YES;
				CLANG_WARN_SUSPICIOUS_MOVE = YES;
				CLANG_WARN_UNGUARDED_AVAILABILITY = YES_AGGRESSIVE;
				CLANG_WARN_UNREACHABLE_CODE = YES;
				CLANG_WARN__DUPLICATE_METHOD_MATCH = YES;
				CODE_SIGN_IDENTITY = "iPhone Developer";
				COPY_PHASE_STRIP = NO;
				DEBUG_INFORMATION_FORMAT = dwarf;
				ENABLE_STRICT_OBJC_MSGSEND = YES;
				ENABLE_TESTABILITY = YES;
				GCC_C_LANGUAGE_STANDARD = gnu11;
				GCC_DYNAMIC_NO_PIC = NO;
				GCC_NO_COMMON_BLOCKS = YES;
				GCC_OPTIMIZATION_LEVEL = 0;
				GCC_PREPROCESSOR_DEFINITIONS = (
					"DEBUG=1",
					"$(inherited)",
				);
				GCC_WARN_64_TO_32_BIT_CONVERSION = YES;
				GCC_WARN_ABOUT_RETURN_TYPE = YES_ERROR;
				GCC_WARN_UNDECLARED_SELECTOR = YES;
				GCC_WARN_UNINITIALIZED_AUTOS = YES_AGGRESSIVE;
				GCC_WARN_UNUSED_FUNCTION = YES;
				GCC_WARN_UNUSED_VARIABLE = YES;
				IPHONEOS_DEPLOYMENT_TARGET = 11.2;
				MTL_ENABLE_DEBUG_INFO = YES;
				ONLY_ACTIVE_ARCH = YES;
				SDKROOT = iphoneos;
				SWIFT_ACTIVE_COMPILATION_CONDITIONS = DEBUG;
				SWIFT_OPTIMIZATION_LEVEL = "-Onone";
			};
			name = Debug;
		};
		14555C4F207D0B35005FBAA6 /* Release */ = {
			isa = XCBuildConfiguration;
			buildSettings = {
				ALWAYS_SEARCH_USER_PATHS = NO;
				CLANG_ANALYZER_NONNULL = YES;
				CLANG_ANALYZER_NUMBER_OBJECT_CONVERSION = YES_AGGRESSIVE;
				CLANG_CXX_LANGUAGE_STANDARD = "gnu++14";
				CLANG_CXX_LIBRARY = "libc++";
				CLANG_ENABLE_MODULES = YES;
				CLANG_ENABLE_OBJC_ARC = YES;
				CLANG_WARN_BLOCK_CAPTURE_AUTORELEASING = YES;
				CLANG_WARN_BOOL_CONVERSION = YES;
				CLANG_WARN_COMMA = YES;
				CLANG_WARN_CONSTANT_CONVERSION = YES;
				CLANG_WARN_DIRECT_OBJC_ISA_USAGE = YES_ERROR;
				CLANG_WARN_DOCUMENTATION_COMMENTS = YES;
				CLANG_WARN_EMPTY_BODY = YES;
				CLANG_WARN_ENUM_CONVERSION = YES;
				CLANG_WARN_INFINITE_RECURSION = YES;
				CLANG_WARN_INT_CONVERSION = YES;
				CLANG_WARN_NON_LITERAL_NULL_CONVERSION = YES;
				CLANG_WARN_OBJC_LITERAL_CONVERSION = YES;
				CLANG_WARN_OBJC_ROOT_CLASS = YES_ERROR;
				CLANG_WARN_RANGE_LOOP_ANALYSIS = YES;
				CLANG_WARN_STRICT_PROTOTYPES = YES;
				CLANG_WARN_SUSPICIOUS_MOVE = YES;
				CLANG_WARN_UNGUARDED_AVAILABILITY = YES_AGGRESSIVE;
				CLANG_WARN_UNREACHABLE_CODE = YES;
				CLANG_WARN__DUPLICATE_METHOD_MATCH = YES;
				CODE_SIGN_IDENTITY = "iPhone Developer";
				COPY_PHASE_STRIP = NO;
				DEBUG_INFORMATION_FORMAT = "dwarf-with-dsym";
				ENABLE_NS_ASSERTIONS = NO;
				ENABLE_STRICT_OBJC_MSGSEND = YES;
				GCC_C_LANGUAGE_STANDARD = gnu11;
				GCC_NO_COMMON_BLOCKS = YES;
				GCC_WARN_64_TO_32_BIT_CONVERSION = YES;
				GCC_WARN_ABOUT_RETURN_TYPE = YES_ERROR;
				GCC_WARN_UNDECLARED_SELECTOR = YES;
				GCC_WARN_UNINITIALIZED_AUTOS = YES_AGGRESSIVE;
				GCC_WARN_UNUSED_FUNCTION = YES;
				GCC_WARN_UNUSED_VARIABLE = YES;
				IPHONEOS_DEPLOYMENT_TARGET = 11.2;
				MTL_ENABLE_DEBUG_INFO = NO;
				SDKROOT = iphoneos;
				SWIFT_OPTIMIZATION_LEVEL = "-Owholemodule";
				VALIDATE_PRODUCT = YES;
			};
			name = Release;
		};
		14555C51207D0B35005FBAA6 /* Debug */ = {
			isa = XCBuildConfiguration;
			buildSettings = {
				ASSETCATALOG_COMPILER_APPICON_NAME = AppIcon;
				CODE_SIGN_STYLE = Automatic;
				DEVELOPMENT_TEAM = NZUGH23YR3;
				INFOPLIST_FILE = "Health Application/Info.plist";
				LD_RUNPATH_SEARCH_PATHS = "$(inherited) @executable_path/Frameworks";
				PRODUCT_BUNDLE_IDENTIFIER = "sc14soc.Health-Application";
				PRODUCT_NAME = "$(TARGET_NAME)";
				SWIFT_VERSION = 4.0;
				TARGETED_DEVICE_FAMILY = "1,2";
			};
			name = Debug;
		};
		14555C52207D0B35005FBAA6 /* Release */ = {
			isa = XCBuildConfiguration;
			buildSettings = {
				ASSETCATALOG_COMPILER_APPICON_NAME = AppIcon;
				CODE_SIGN_STYLE = Automatic;
				DEVELOPMENT_TEAM = NZUGH23YR3;
				INFOPLIST_FILE = "Health Application/Info.plist";
				LD_RUNPATH_SEARCH_PATHS = "$(inherited) @executable_path/Frameworks";
				PRODUCT_BUNDLE_IDENTIFIER = "sc14soc.Health-Application";
				PRODUCT_NAME = "$(TARGET_NAME)";
				SWIFT_VERSION = 4.0;
				TARGETED_DEVICE_FAMILY = "1,2";
			};
			name = Release;
		};
/* End XCBuildConfiguration section */

/* Begin XCConfigurationList section */
		14555C39207D0B34005FBAA6 /* Build configuration list for PBXProject "Health Application" */ = {
			isa = XCConfigurationList;
			buildConfigurations = (
				14555C4E207D0B35005FBAA6 /* Debug */,
				14555C4F207D0B35005FBAA6 /* Release */,
			);
			defaultConfigurationIsVisible = 0;
			defaultConfigurationName = Release;
		};
		14555C50207D0B35005FBAA6 /* Build configuration list for PBXNativeTarget "Health Application" */ = {
			isa = XCConfigurationList;
			buildConfigurations = (
				14555C51207D0B35005FBAA6 /* Debug */,
				14555C52207D0B35005FBAA6 /* Release */,
			);
			defaultConfigurationIsVisible = 0;
			defaultConfigurationName = Release;
		};
/* End XCConfigurationList section */
	};
	rootObject = 14555C36207D0B34005FBAA6 /* Project object */;
}
